
Microsoft Visual Studio Solution File, Format Version 12.00
# Visual Studio 2013
VisualStudioVersion = 12.0.21005.1
MinimumVisualStudioVersion = 10.0.40219.1
Project("{FAE04EC0-301F-11D3-BF4B-00C04F79EFBC}") = "VtsShared", "VtsShared\VtsShared.csproj", "{2551148C-2C51-48B2-A055-EBC9AA765F53}"
EndProject
Project("{FAE04EC0-301F-11D3-BF4B-00C04F79EFBC}") = "VtsSharedSilverlight", "VtsSharedSilverlight\VtsSharedSilverlight.csproj", "{90C63377-6198-4031-8BB7-BD1F33619CF3}"
EndProject
Global
	GlobalSection(SolutionConfigurationPlatforms) = preSolution
		Debug|Any CPU = Debug|Any CPU
		Release|Any CPU = Release|Any CPU
	EndGlobalSection
	GlobalSection(ProjectConfigurationPlatforms) = postSolution
		{2551148C-2C51-48B2-A055-EBC9AA765F53}.Debug|Any CPU.ActiveCfg = Debug|Any CPU
		{2551148C-2C51-48B2-A055-EBC9AA765F53}.Debug|Any CPU.Build.0 = Debug|Any CPU
		{2551148C-2C51-48B2-A055-EBC9AA765F53}.Release|Any CPU.ActiveCfg = Release|Any CPU
		{2551148C-2C51-48B2-A055-EBC9AA765F53}.Release|Any CPU.Build.0 = Release|Any CPU
		{90C63377-6198-4031-8BB7-BD1F33619CF3}.Debug|Any CPU.ActiveCfg = Debug|Any CPU
		{90C63377-6198-4031-8BB7-BD1F33619CF3}.Debug|Any CPU.Build.0 = Debug|Any CPU
		{90C63377-6198-4031-8BB7-BD1F33619CF3}.Release|Any CPU.ActiveCfg = Release|Any CPU
		{90C63377-6198-4031-8BB7-BD1F33619CF3}.Release|Any CPU.Build.0 = Release|Any CPU
	EndGlobalSection
	GlobalSection(SolutionProperties) = preSolution
		HideSolutionNode = FALSE
	EndGlobalSection
EndGlobal
