
Microsoft Visual Studio Solution File, Format Version 12.00
# Visual Studio 2013
VisualStudioVersion = 12.0.21005.1
MinimumVisualStudioVersion = 10.0.40219.1
Project("{FAE04EC0-301F-11D3-BF4B-00C04F79EFBC}") = "Agent.Common.Interfaces", "Agent.Common.Interfaces\Agent.Common.Interfaces.csproj", "{6853BCCB-216D-4FF7-ADB8-65FF46213A96}"
EndProject
Project("{FAE04EC0-301F-11D3-BF4B-00C04F79EFBC}") = "Agent.Connector.PSA", "Agent.Connector.PSA\Agent.Connector.PSA.csproj", "{5D595477-45C9-40F3-B34D-1723DD70742F}"
EndProject
Project("{FAE04EC0-301F-11D3-BF4B-00C04F79EFBC}") = "Common.Styles", "Common.Styles\Common.Styles.csproj", "{00166DAD-3C45-4AAC-B52B-1B048C4A3670}"
EndProject
Project("{FAE04EC0-301F-11D3-BF4B-00C04F79EFBC}") = "Agent.Common.Presentation", "Agent.Common.Presentation\Agent.Common.Presentation.csproj", "{7BEDE629-357F-4903-A1F1-061D0185848E}"
EndProject
Project("{FAE04EC0-301F-11D3-BF4B-00C04F79EFBC}") = "Agent.Connector.Presentation.PSA", "Agent.Connector.Presentation.PSA\Agent.Connector.Presentation.PSA.csproj", "{D6786BA7-89A7-49DF-9947-B7BBB8F5CC45}"
EndProject
Project("{FAE04EC0-301F-11D3-BF4B-00C04F79EFBC}") = "Agent.Connector", "Agent.Connector\Agent.Connector.csproj", "{5673E58F-C62F-4701-AB8D-57FFED655A6C}"
EndProject
Project("{FAE04EC0-301F-11D3-BF4B-00C04F79EFBC}") = "Common.Transport", "Common.Transport\Common.Transport.csproj", "{63D64D84-5D31-4B12-BC46-FDEC8CCA7C2D}"
EndProject
Project("{FAE04EC0-301F-11D3-BF4B-00C04F79EFBC}") = "Common.Transport.Test", "Common.Transport.Test\Common.Transport.Test.csproj", "{F635C683-3BD9-453A-9B0E-3B2ADEA97ECE}"
EndProject
Project("{FAE04EC0-301F-11D3-BF4B-00C04F79EFBC}") = "Agent.Localization", "Agent.Localization\Agent.Localization.csproj", "{43F96D06-9A94-471C-B900-B8EFF2BCB42A}"
EndProject
Project("{FAE04EC0-301F-11D3-BF4B-00C04F79EFBC}") = "MappingCipher", "MappingCipher\MappingCipher.csproj", "{F61609E2-A1F3-4E03-8078-926B1792E8E9}"
EndProject
Project("{FAE04EC0-301F-11D3-BF4B-00C04F79EFBC}") = "Agent.Logging", "Agent.Logging\Agent.Logging.csproj", "{A9403843-FAD4-446E-A157-2A2CA6F228C7}"
EndProject
Project("{FAE04EC0-301F-11D3-BF4B-00C04F79EFBC}") = "Agent.Host", "Agent.Host\Agent.Host.csproj", "{30B54B89-8752-4C71-B3AE-06A171E89510}"
EndProject
Project("{FAE04EC0-301F-11D3-BF4B-00C04F79EFBC}") = "Agent.Vendors", "Agent.Vendors\Agent.Vendors.csproj", "{05F85883-1FA8-45BE-A5E7-49EDCDBC0889}"
EndProject
Project("{FAE04EC0-301F-11D3-BF4B-00C04F79EFBC}") = "Agent.Connector.MultiEcuScan", "Agent.Connector.MultiEcuScan\Agent.Connector.MultiEcuScan.csproj", "{83BD8B56-08CA-4B3D-95D8-FFDC2156A4E4}"
EndProject
Project("{FAE04EC0-301F-11D3-BF4B-00C04F79EFBC}") = "Agent.Metadata", "Agent.Metadata\Agent.Metadata.csproj", "{FA109915-77D6-456C-AF17-6D76ECB0633D}"
EndProject
Project("{FAE04EC0-301F-11D3-BF4B-00C04F79EFBC}") = "Agent.Network.Monitor", "Agent.Network.Monitor\Agent.Network.Monitor.csproj", "{927985D8-D0D6-428C-A50D-CDCD7931C28B}"
EndProject
Project("{FAE04EC0-301F-11D3-BF4B-00C04F79EFBC}") = "Agent.Common", "Agent.Common\Agent.Common.csproj", "{21539378-9A42-4546-8327-FF4FF88E7D08}"
EndProject
Project("{FAE04EC0-301F-11D3-BF4B-00C04F79EFBC}") = "Agent.Network.DataSynchronization", "Agent.Network.DataSynchronization\Agent.Network.DataSynchronization.csproj", "{4BD6050A-11BB-40B0-9314-FEBD6E029DA6}"
EndProject
Project("{FAE04EC0-301F-11D3-BF4B-00C04F79EFBC}") = "Agent.Common.Instance", "Agent.Common.Instance\Agent.Common.Instance.csproj", "{3BEBDE5E-1413-4FAD-8634-447A630185D9}"
EndProject
Project("{FAE04EC0-301F-11D3-BF4B-00C04F79EFBC}") = "Agent.Evaluation", "Agent.Evaluation\Agent.Evaluation.csproj", "{4A709B11-0A75-4DC5-98CC-19A2899705F8}"
EndProject
Project("{FAE04EC0-301F-11D3-BF4B-00C04F79EFBC}") = "Agent", "Agent\Agent.csproj", "{C8F3E9EE-C6E2-4269-9B76-F863F6030C51}"
EndProject
Project("{FAE04EC0-301F-11D3-BF4B-00C04F79EFBC}") = "Agent.BusinessObjects", "Agent.BusinessObjects\Agent.BusinessObjects.csproj", "{1ABB2603-58C0-45E8-899C-684BA07D634C}"
EndProject
Project("{FAE04EC0-301F-11D3-BF4B-00C04F79EFBC}") = "Agent.Connector.PSA.TypeConversion", "Agent.Connector.PSA.TypeConversion\Agent.Connector.PSA.TypeConversion.csproj", "{C866837D-A44B-48FF-A082-BDB694C01253}"
EndProject
Project("{FAE04EC0-301F-11D3-BF4B-00C04F79EFBC}") = "Agent.Workspace.Test", "Agent.Test\Agent.Workspace.Test.csproj", "{9A1C7CF9-7C26-4E91-894A-EAE906156FDE}"
EndProject
Project("{FAE04EC0-301F-11D3-BF4B-00C04F79EFBC}") = "Agent.Infrastructure", "Agent.Infrastructure\Agent.Infrastructure.csproj", "{42ECF03B-100D-495A-98B1-4BC9747D13B4}"
EndProject
Project("{FAE04EC0-301F-11D3-BF4B-00C04F79EFBC}") = "Agent.Workspace", "Agent.Workspace\Agent.Workspace.csproj", "{A4E45D68-D704-40BA-BDBF-89D8B92A41A9}"
EndProject
Project("{FAE04EC0-301F-11D3-BF4B-00C04F79EFBC}") = "Agent.Infrastructure.Test", "Agent.Infrastructure.Test\Agent.Infrastructure.Test.csproj", "{8DE7F8EE-8EA0-47B7-841D-BAE455D7E6EA}"
EndProject
Global
	GlobalSection(SolutionConfigurationPlatforms) = preSolution
		Debug|Any CPU = Debug|Any CPU
		Debug|Mixed Platforms = Debug|Mixed Platforms
		Debug|x86 = Debug|x86
		Release|Any CPU = Release|Any CPU
		Release|Mixed Platforms = Release|Mixed Platforms
		Release|x86 = Release|x86
	EndGlobalSection
	GlobalSection(ProjectConfigurationPlatforms) = postSolution
		{6853BCCB-216D-4FF7-ADB8-65FF46213A96}.Debug|Any CPU.ActiveCfg = Debug|Any CPU
		{6853BCCB-216D-4FF7-ADB8-65FF46213A96}.Debug|Any CPU.Build.0 = Debug|Any CPU
		{6853BCCB-216D-4FF7-ADB8-65FF46213A96}.Debug|Mixed Platforms.ActiveCfg = Debug|Any CPU
		{6853BCCB-216D-4FF7-ADB8-65FF46213A96}.Debug|Mixed Platforms.Build.0 = Debug|Any CPU
		{6853BCCB-216D-4FF7-ADB8-65FF46213A96}.Debug|x86.ActiveCfg = Debug|Any CPU
		{6853BCCB-216D-4FF7-ADB8-65FF46213A96}.Debug|x86.Build.0 = Debug|Any CPU
		{6853BCCB-216D-4FF7-ADB8-65FF46213A96}.Release|Any CPU.ActiveCfg = Release|Any CPU
		{6853BCCB-216D-4FF7-ADB8-65FF46213A96}.Release|Any CPU.Build.0 = Release|Any CPU
		{6853BCCB-216D-4FF7-ADB8-65FF46213A96}.Release|Mixed Platforms.ActiveCfg = Release|Any CPU
		{6853BCCB-216D-4FF7-ADB8-65FF46213A96}.Release|Mixed Platforms.Build.0 = Release|Any CPU
		{6853BCCB-216D-4FF7-ADB8-65FF46213A96}.Release|x86.ActiveCfg = Release|Any CPU
		{6853BCCB-216D-4FF7-ADB8-65FF46213A96}.Release|x86.Build.0 = Release|Any CPU
		{5D595477-45C9-40F3-B34D-1723DD70742F}.Debug|Any CPU.ActiveCfg = Debug|Any CPU
		{5D595477-45C9-40F3-B34D-1723DD70742F}.Debug|Any CPU.Build.0 = Debug|Any CPU
		{5D595477-45C9-40F3-B34D-1723DD70742F}.Debug|Mixed Platforms.ActiveCfg = Debug|Any CPU
		{5D595477-45C9-40F3-B34D-1723DD70742F}.Debug|Mixed Platforms.Build.0 = Debug|Any CPU
		{5D595477-45C9-40F3-B34D-1723DD70742F}.Debug|x86.ActiveCfg = Debug|Any CPU
		{5D595477-45C9-40F3-B34D-1723DD70742F}.Debug|x86.Build.0 = Debug|Any CPU
		{5D595477-45C9-40F3-B34D-1723DD70742F}.Release|Any CPU.ActiveCfg = Release|Any CPU
		{5D595477-45C9-40F3-B34D-1723DD70742F}.Release|Any CPU.Build.0 = Release|Any CPU
		{5D595477-45C9-40F3-B34D-1723DD70742F}.Release|Mixed Platforms.ActiveCfg = Release|Any CPU
		{5D595477-45C9-40F3-B34D-1723DD70742F}.Release|Mixed Platforms.Build.0 = Release|Any CPU
		{5D595477-45C9-40F3-B34D-1723DD70742F}.Release|x86.ActiveCfg = Release|Any CPU
		{5D595477-45C9-40F3-B34D-1723DD70742F}.Release|x86.Build.0 = Release|Any CPU
		{00166DAD-3C45-4AAC-B52B-1B048C4A3670}.Debug|Any CPU.ActiveCfg = Debug|Any CPU
		{00166DAD-3C45-4AAC-B52B-1B048C4A3670}.Debug|Any CPU.Build.0 = Debug|Any CPU
		{00166DAD-3C45-4AAC-B52B-1B048C4A3670}.Debug|Mixed Platforms.ActiveCfg = Debug|Any CPU
		{00166DAD-3C45-4AAC-B52B-1B048C4A3670}.Debug|Mixed Platforms.Build.0 = Debug|Any CPU
		{00166DAD-3C45-4AAC-B52B-1B048C4A3670}.Debug|x86.ActiveCfg = Debug|Any CPU
		{00166DAD-3C45-4AAC-B52B-1B048C4A3670}.Debug|x86.Build.0 = Debug|Any CPU
		{00166DAD-3C45-4AAC-B52B-1B048C4A3670}.Release|Any CPU.ActiveCfg = Release|Any CPU
		{00166DAD-3C45-4AAC-B52B-1B048C4A3670}.Release|Any CPU.Build.0 = Release|Any CPU
		{00166DAD-3C45-4AAC-B52B-1B048C4A3670}.Release|Mixed Platforms.ActiveCfg = Release|Any CPU
		{00166DAD-3C45-4AAC-B52B-1B048C4A3670}.Release|Mixed Platforms.Build.0 = Release|Any CPU
		{00166DAD-3C45-4AAC-B52B-1B048C4A3670}.Release|x86.ActiveCfg = Release|Any CPU
		{00166DAD-3C45-4AAC-B52B-1B048C4A3670}.Release|x86.Build.0 = Release|Any CPU
		{7BEDE629-357F-4903-A1F1-061D0185848E}.Debug|Any CPU.ActiveCfg = Debug|Any CPU
		{7BEDE629-357F-4903-A1F1-061D0185848E}.Debug|Any CPU.Build.0 = Debug|Any CPU
		{7BEDE629-357F-4903-A1F1-061D0185848E}.Debug|Mixed Platforms.ActiveCfg = Debug|Any CPU
		{7BEDE629-357F-4903-A1F1-061D0185848E}.Debug|Mixed Platforms.Build.0 = Debug|Any CPU
		{7BEDE629-357F-4903-A1F1-061D0185848E}.Debug|x86.ActiveCfg = Debug|Any CPU
		{7BEDE629-357F-4903-A1F1-061D0185848E}.Debug|x86.Build.0 = Debug|Any CPU
		{7BEDE629-357F-4903-A1F1-061D0185848E}.Release|Any CPU.ActiveCfg = Release|Any CPU
		{7BEDE629-357F-4903-A1F1-061D0185848E}.Release|Any CPU.Build.0 = Release|Any CPU
		{7BEDE629-357F-4903-A1F1-061D0185848E}.Release|Mixed Platforms.ActiveCfg = Release|Any CPU
		{7BEDE629-357F-4903-A1F1-061D0185848E}.Release|Mixed Platforms.Build.0 = Release|Any CPU
		{7BEDE629-357F-4903-A1F1-061D0185848E}.Release|x86.ActiveCfg = Release|Any CPU
		{7BEDE629-357F-4903-A1F1-061D0185848E}.Release|x86.Build.0 = Release|Any CPU
		{D6786BA7-89A7-49DF-9947-B7BBB8F5CC45}.Debug|Any CPU.ActiveCfg = Debug|Any CPU
		{D6786BA7-89A7-49DF-9947-B7BBB8F5CC45}.Debug|Any CPU.Build.0 = Debug|Any CPU
		{D6786BA7-89A7-49DF-9947-B7BBB8F5CC45}.Debug|Mixed Platforms.ActiveCfg = Debug|Any CPU
		{D6786BA7-89A7-49DF-9947-B7BBB8F5CC45}.Debug|Mixed Platforms.Build.0 = Debug|Any CPU
		{D6786BA7-89A7-49DF-9947-B7BBB8F5CC45}.Debug|x86.ActiveCfg = Debug|Any CPU
		{D6786BA7-89A7-49DF-9947-B7BBB8F5CC45}.Debug|x86.Build.0 = Debug|Any CPU
		{D6786BA7-89A7-49DF-9947-B7BBB8F5CC45}.Release|Any CPU.ActiveCfg = Release|Any CPU
		{D6786BA7-89A7-49DF-9947-B7BBB8F5CC45}.Release|Any CPU.Build.0 = Release|Any CPU
		{D6786BA7-89A7-49DF-9947-B7BBB8F5CC45}.Release|Mixed Platforms.ActiveCfg = Release|Any CPU
		{D6786BA7-89A7-49DF-9947-B7BBB8F5CC45}.Release|Mixed Platforms.Build.0 = Release|Any CPU
		{D6786BA7-89A7-49DF-9947-B7BBB8F5CC45}.Release|x86.ActiveCfg = Release|Any CPU
		{D6786BA7-89A7-49DF-9947-B7BBB8F5CC45}.Release|x86.Build.0 = Release|Any CPU
		{5673E58F-C62F-4701-AB8D-57FFED655A6C}.Debug|Any CPU.ActiveCfg = Debug|Any CPU
		{5673E58F-C62F-4701-AB8D-57FFED655A6C}.Debug|Any CPU.Build.0 = Debug|Any CPU
		{5673E58F-C62F-4701-AB8D-57FFED655A6C}.Debug|Mixed Platforms.ActiveCfg = Debug|Any CPU
		{5673E58F-C62F-4701-AB8D-57FFED655A6C}.Debug|Mixed Platforms.Build.0 = Debug|Any CPU
		{5673E58F-C62F-4701-AB8D-57FFED655A6C}.Debug|x86.ActiveCfg = Debug|Any CPU
		{5673E58F-C62F-4701-AB8D-57FFED655A6C}.Debug|x86.Build.0 = Debug|Any CPU
		{5673E58F-C62F-4701-AB8D-57FFED655A6C}.Release|Any CPU.ActiveCfg = Release|Any CPU
		{5673E58F-C62F-4701-AB8D-57FFED655A6C}.Release|Any CPU.Build.0 = Release|Any CPU
		{5673E58F-C62F-4701-AB8D-57FFED655A6C}.Release|Mixed Platforms.ActiveCfg = Release|Any CPU
		{5673E58F-C62F-4701-AB8D-57FFED655A6C}.Release|Mixed Platforms.Build.0 = Release|Any CPU
		{5673E58F-C62F-4701-AB8D-57FFED655A6C}.Release|x86.ActiveCfg = Release|Any CPU
		{5673E58F-C62F-4701-AB8D-57FFED655A6C}.Release|x86.Build.0 = Release|Any CPU
		{63D64D84-5D31-4B12-BC46-FDEC8CCA7C2D}.Debug|Any CPU.ActiveCfg = Debug|Any CPU
		{63D64D84-5D31-4B12-BC46-FDEC8CCA7C2D}.Debug|Any CPU.Build.0 = Debug|Any CPU
		{63D64D84-5D31-4B12-BC46-FDEC8CCA7C2D}.Debug|Mixed Platforms.ActiveCfg = Debug|Any CPU
		{63D64D84-5D31-4B12-BC46-FDEC8CCA7C2D}.Debug|Mixed Platforms.Build.0 = Debug|Any CPU
		{63D64D84-5D31-4B12-BC46-FDEC8CCA7C2D}.Debug|x86.ActiveCfg = Debug|Any CPU
		{63D64D84-5D31-4B12-BC46-FDEC8CCA7C2D}.Debug|x86.Build.0 = Debug|Any CPU
		{63D64D84-5D31-4B12-BC46-FDEC8CCA7C2D}.Release|Any CPU.ActiveCfg = Release|Any CPU
		{63D64D84-5D31-4B12-BC46-FDEC8CCA7C2D}.Release|Any CPU.Build.0 = Release|Any CPU
		{63D64D84-5D31-4B12-BC46-FDEC8CCA7C2D}.Release|Mixed Platforms.ActiveCfg = Release|Any CPU
		{63D64D84-5D31-4B12-BC46-FDEC8CCA7C2D}.Release|Mixed Platforms.Build.0 = Release|Any CPU
		{63D64D84-5D31-4B12-BC46-FDEC8CCA7C2D}.Release|x86.ActiveCfg = Release|Any CPU
		{63D64D84-5D31-4B12-BC46-FDEC8CCA7C2D}.Release|x86.Build.0 = Release|Any CPU
		{F635C683-3BD9-453A-9B0E-3B2ADEA97ECE}.Debug|Any CPU.ActiveCfg = Debug|Any CPU
		{F635C683-3BD9-453A-9B0E-3B2ADEA97ECE}.Debug|Any CPU.Build.0 = Debug|Any CPU
		{F635C683-3BD9-453A-9B0E-3B2ADEA97ECE}.Debug|Mixed Platforms.ActiveCfg = Debug|x86
		{F635C683-3BD9-453A-9B0E-3B2ADEA97ECE}.Debug|Mixed Platforms.Build.0 = Debug|x86
		{F635C683-3BD9-453A-9B0E-3B2ADEA97ECE}.Debug|x86.ActiveCfg = Debug|x86
		{F635C683-3BD9-453A-9B0E-3B2ADEA97ECE}.Debug|x86.Build.0 = Debug|x86
		{F635C683-3BD9-453A-9B0E-3B2ADEA97ECE}.Release|Any CPU.ActiveCfg = Release|Any CPU
		{F635C683-3BD9-453A-9B0E-3B2ADEA97ECE}.Release|Mixed Platforms.ActiveCfg = Release|x86
		{F635C683-3BD9-453A-9B0E-3B2ADEA97ECE}.Release|Mixed Platforms.Build.0 = Release|x86
		{F635C683-3BD9-453A-9B0E-3B2ADEA97ECE}.Release|x86.ActiveCfg = Release|Any CPU
		{43F96D06-9A94-471C-B900-B8EFF2BCB42A}.Debug|Any CPU.ActiveCfg = Debug|Any CPU
		{43F96D06-9A94-471C-B900-B8EFF2BCB42A}.Debug|Any CPU.Build.0 = Debug|Any CPU
		{43F96D06-9A94-471C-B900-B8EFF2BCB42A}.Debug|Mixed Platforms.ActiveCfg = Debug|Any CPU
		{43F96D06-9A94-471C-B900-B8EFF2BCB42A}.Debug|Mixed Platforms.Build.0 = Debug|Any CPU
		{43F96D06-9A94-471C-B900-B8EFF2BCB42A}.Debug|x86.ActiveCfg = Debug|Any CPU
		{43F96D06-9A94-471C-B900-B8EFF2BCB42A}.Debug|x86.Build.0 = Debug|Any CPU
		{43F96D06-9A94-471C-B900-B8EFF2BCB42A}.Release|Any CPU.ActiveCfg = Release|Any CPU
		{43F96D06-9A94-471C-B900-B8EFF2BCB42A}.Release|Any CPU.Build.0 = Release|Any CPU
		{43F96D06-9A94-471C-B900-B8EFF2BCB42A}.Release|Mixed Platforms.ActiveCfg = Release|Any CPU
		{43F96D06-9A94-471C-B900-B8EFF2BCB42A}.Release|Mixed Platforms.Build.0 = Release|Any CPU
		{43F96D06-9A94-471C-B900-B8EFF2BCB42A}.Release|x86.ActiveCfg = Release|Any CPU
		{43F96D06-9A94-471C-B900-B8EFF2BCB42A}.Release|x86.Build.0 = Release|Any CPU
		{F61609E2-A1F3-4E03-8078-926B1792E8E9}.Debug|Any CPU.ActiveCfg = Debug|x86
		{F61609E2-A1F3-4E03-8078-926B1792E8E9}.Debug|Any CPU.Build.0 = Debug|x86
		{F61609E2-A1F3-4E03-8078-926B1792E8E9}.Debug|Mixed Platforms.ActiveCfg = Debug|x86
		{F61609E2-A1F3-4E03-8078-926B1792E8E9}.Debug|Mixed Platforms.Build.0 = Debug|x86
		{F61609E2-A1F3-4E03-8078-926B1792E8E9}.Debug|x86.ActiveCfg = Debug|x86
		{F61609E2-A1F3-4E03-8078-926B1792E8E9}.Debug|x86.Build.0 = Debug|x86
		{F61609E2-A1F3-4E03-8078-926B1792E8E9}.Release|Any CPU.ActiveCfg = Release|x86
		{F61609E2-A1F3-4E03-8078-926B1792E8E9}.Release|Mixed Platforms.ActiveCfg = Release|x86
		{F61609E2-A1F3-4E03-8078-926B1792E8E9}.Release|Mixed Platforms.Build.0 = Release|x86
		{F61609E2-A1F3-4E03-8078-926B1792E8E9}.Release|x86.ActiveCfg = Release|x86
		{A9403843-FAD4-446E-A157-2A2CA6F228C7}.Debug|Any CPU.ActiveCfg = Debug|Any CPU
		{A9403843-FAD4-446E-A157-2A2CA6F228C7}.Debug|Any CPU.Build.0 = Debug|Any CPU
		{A9403843-FAD4-446E-A157-2A2CA6F228C7}.Debug|Mixed Platforms.ActiveCfg = Debug|Any CPU
		{A9403843-FAD4-446E-A157-2A2CA6F228C7}.Debug|Mixed Platforms.Build.0 = Debug|Any CPU
		{A9403843-FAD4-446E-A157-2A2CA6F228C7}.Debug|x86.ActiveCfg = Debug|Any CPU
		{A9403843-FAD4-446E-A157-2A2CA6F228C7}.Debug|x86.Build.0 = Debug|Any CPU
		{A9403843-FAD4-446E-A157-2A2CA6F228C7}.Release|Any CPU.ActiveCfg = Release|Any CPU
		{A9403843-FAD4-446E-A157-2A2CA6F228C7}.Release|Any CPU.Build.0 = Release|Any CPU
		{A9403843-FAD4-446E-A157-2A2CA6F228C7}.Release|Mixed Platforms.ActiveCfg = Release|Any CPU
		{A9403843-FAD4-446E-A157-2A2CA6F228C7}.Release|Mixed Platforms.Build.0 = Release|Any CPU
		{A9403843-FAD4-446E-A157-2A2CA6F228C7}.Release|x86.ActiveCfg = Release|Any CPU
		{A9403843-FAD4-446E-A157-2A2CA6F228C7}.Release|x86.Build.0 = Release|Any CPU
		{30B54B89-8752-4C71-B3AE-06A171E89510}.Debug|Any CPU.ActiveCfg = Debug|Any CPU
		{30B54B89-8752-4C71-B3AE-06A171E89510}.Debug|Any CPU.Build.0 = Debug|Any CPU
		{30B54B89-8752-4C71-B3AE-06A171E89510}.Debug|Mixed Platforms.ActiveCfg = Debug|Any CPU
		{30B54B89-8752-4C71-B3AE-06A171E89510}.Debug|Mixed Platforms.Build.0 = Debug|Any CPU
		{30B54B89-8752-4C71-B3AE-06A171E89510}.Debug|x86.ActiveCfg = Debug|Any CPU
		{30B54B89-8752-4C71-B3AE-06A171E89510}.Debug|x86.Build.0 = Debug|Any CPU
		{30B54B89-8752-4C71-B3AE-06A171E89510}.Release|Any CPU.ActiveCfg = Release|Any CPU
		{30B54B89-8752-4C71-B3AE-06A171E89510}.Release|Any CPU.Build.0 = Release|Any CPU
		{30B54B89-8752-4C71-B3AE-06A171E89510}.Release|Mixed Platforms.ActiveCfg = Release|Any CPU
		{30B54B89-8752-4C71-B3AE-06A171E89510}.Release|Mixed Platforms.Build.0 = Release|Any CPU
		{30B54B89-8752-4C71-B3AE-06A171E89510}.Release|x86.ActiveCfg = Release|Any CPU
		{30B54B89-8752-4C71-B3AE-06A171E89510}.Release|x86.Build.0 = Release|Any CPU
		{05F85883-1FA8-45BE-A5E7-49EDCDBC0889}.Debug|Any CPU.ActiveCfg = Debug|Any CPU
		{05F85883-1FA8-45BE-A5E7-49EDCDBC0889}.Debug|Any CPU.Build.0 = Debug|Any CPU
		{05F85883-1FA8-45BE-A5E7-49EDCDBC0889}.Debug|Mixed Platforms.ActiveCfg = Debug|Any CPU
		{05F85883-1FA8-45BE-A5E7-49EDCDBC0889}.Debug|Mixed Platforms.Build.0 = Debug|Any CPU
		{05F85883-1FA8-45BE-A5E7-49EDCDBC0889}.Debug|x86.ActiveCfg = Debug|Any CPU
		{05F85883-1FA8-45BE-A5E7-49EDCDBC0889}.Debug|x86.Build.0 = Debug|Any CPU
		{05F85883-1FA8-45BE-A5E7-49EDCDBC0889}.Release|Any CPU.ActiveCfg = Release|Any CPU
		{05F85883-1FA8-45BE-A5E7-49EDCDBC0889}.Release|Any CPU.Build.0 = Release|Any CPU
		{05F85883-1FA8-45BE-A5E7-49EDCDBC0889}.Release|Mixed Platforms.ActiveCfg = Release|Any CPU
		{05F85883-1FA8-45BE-A5E7-49EDCDBC0889}.Release|Mixed Platforms.Build.0 = Release|Any CPU
		{05F85883-1FA8-45BE-A5E7-49EDCDBC0889}.Release|x86.ActiveCfg = Release|Any CPU
		{05F85883-1FA8-45BE-A5E7-49EDCDBC0889}.Release|x86.Build.0 = Release|Any CPU
		{83BD8B56-08CA-4B3D-95D8-FFDC2156A4E4}.Debug|Any CPU.ActiveCfg = Debug|Any CPU
		{83BD8B56-08CA-4B3D-95D8-FFDC2156A4E4}.Debug|Any CPU.Build.0 = Debug|Any CPU
		{83BD8B56-08CA-4B3D-95D8-FFDC2156A4E4}.Debug|Mixed Platforms.ActiveCfg = Debug|Any CPU
		{83BD8B56-08CA-4B3D-95D8-FFDC2156A4E4}.Debug|Mixed Platforms.Build.0 = Debug|Any CPU
		{83BD8B56-08CA-4B3D-95D8-FFDC2156A4E4}.Debug|x86.ActiveCfg = Debug|Any CPU
		{83BD8B56-08CA-4B3D-95D8-FFDC2156A4E4}.Debug|x86.Build.0 = Debug|Any CPU
		{83BD8B56-08CA-4B3D-95D8-FFDC2156A4E4}.Release|Any CPU.ActiveCfg = Release|Any CPU
		{83BD8B56-08CA-4B3D-95D8-FFDC2156A4E4}.Release|Any CPU.Build.0 = Release|Any CPU
		{83BD8B56-08CA-4B3D-95D8-FFDC2156A4E4}.Release|Mixed Platforms.ActiveCfg = Release|Any CPU
		{83BD8B56-08CA-4B3D-95D8-FFDC2156A4E4}.Release|Mixed Platforms.Build.0 = Release|Any CPU
		{83BD8B56-08CA-4B3D-95D8-FFDC2156A4E4}.Release|x86.ActiveCfg = Release|Any CPU
		{83BD8B56-08CA-4B3D-95D8-FFDC2156A4E4}.Release|x86.Build.0 = Release|Any CPU
		{FA109915-77D6-456C-AF17-6D76ECB0633D}.Debug|Any CPU.ActiveCfg = Debug|Any CPU
		{FA109915-77D6-456C-AF17-6D76ECB0633D}.Debug|Any CPU.Build.0 = Debug|Any CPU
		{FA109915-77D6-456C-AF17-6D76ECB0633D}.Debug|Mixed Platforms.ActiveCfg = Debug|Any CPU
		{FA109915-77D6-456C-AF17-6D76ECB0633D}.Debug|Mixed Platforms.Build.0 = Debug|Any CPU
		{FA109915-77D6-456C-AF17-6D76ECB0633D}.Debug|x86.ActiveCfg = Debug|Any CPU
		{FA109915-77D6-456C-AF17-6D76ECB0633D}.Debug|x86.Build.0 = Debug|Any CPU
		{FA109915-77D6-456C-AF17-6D76ECB0633D}.Release|Any CPU.ActiveCfg = Release|Any CPU
		{FA109915-77D6-456C-AF17-6D76ECB0633D}.Release|Any CPU.Build.0 = Release|Any CPU
		{FA109915-77D6-456C-AF17-6D76ECB0633D}.Release|Mixed Platforms.ActiveCfg = Release|Any CPU
		{FA109915-77D6-456C-AF17-6D76ECB0633D}.Release|Mixed Platforms.Build.0 = Release|Any CPU
		{FA109915-77D6-456C-AF17-6D76ECB0633D}.Release|x86.ActiveCfg = Release|Any CPU
		{FA109915-77D6-456C-AF17-6D76ECB0633D}.Release|x86.Build.0 = Release|Any CPU
		{927985D8-D0D6-428C-A50D-CDCD7931C28B}.Debug|Any CPU.ActiveCfg = Debug|Any CPU
		{927985D8-D0D6-428C-A50D-CDCD7931C28B}.Debug|Any CPU.Build.0 = Debug|Any CPU
		{927985D8-D0D6-428C-A50D-CDCD7931C28B}.Debug|Mixed Platforms.ActiveCfg = Debug|x86
		{927985D8-D0D6-428C-A50D-CDCD7931C28B}.Debug|Mixed Platforms.Build.0 = Debug|x86
		{927985D8-D0D6-428C-A50D-CDCD7931C28B}.Debug|x86.ActiveCfg = Debug|Any CPU
		{927985D8-D0D6-428C-A50D-CDCD7931C28B}.Debug|x86.Build.0 = Debug|Any CPU
		{927985D8-D0D6-428C-A50D-CDCD7931C28B}.Release|Any CPU.ActiveCfg = Release|Any CPU
		{927985D8-D0D6-428C-A50D-CDCD7931C28B}.Release|Any CPU.Build.0 = Release|Any CPU
		{927985D8-D0D6-428C-A50D-CDCD7931C28B}.Release|Mixed Platforms.ActiveCfg = Release|x86
		{927985D8-D0D6-428C-A50D-CDCD7931C28B}.Release|Mixed Platforms.Build.0 = Release|x86
		{927985D8-D0D6-428C-A50D-CDCD7931C28B}.Release|x86.ActiveCfg = Release|Any CPU
		{927985D8-D0D6-428C-A50D-CDCD7931C28B}.Release|x86.Build.0 = Release|Any CPU
		{21539378-9A42-4546-8327-FF4FF88E7D08}.Debug|Any CPU.ActiveCfg = Debug|Any CPU
		{21539378-9A42-4546-8327-FF4FF88E7D08}.Debug|Any CPU.Build.0 = Debug|Any CPU
		{21539378-9A42-4546-8327-FF4FF88E7D08}.Debug|Mixed Platforms.ActiveCfg = Debug|x86
		{21539378-9A42-4546-8327-FF4FF88E7D08}.Debug|Mixed Platforms.Build.0 = Debug|x86
		{21539378-9A42-4546-8327-FF4FF88E7D08}.Debug|x86.ActiveCfg = Debug|Any CPU
		{21539378-9A42-4546-8327-FF4FF88E7D08}.Debug|x86.Build.0 = Debug|Any CPU
		{21539378-9A42-4546-8327-FF4FF88E7D08}.Release|Any CPU.ActiveCfg = Release|Any CPU
		{21539378-9A42-4546-8327-FF4FF88E7D08}.Release|Any CPU.Build.0 = Release|Any CPU
		{21539378-9A42-4546-8327-FF4FF88E7D08}.Release|Mixed Platforms.ActiveCfg = Release|x86
		{21539378-9A42-4546-8327-FF4FF88E7D08}.Release|Mixed Platforms.Build.0 = Release|x86
		{21539378-9A42-4546-8327-FF4FF88E7D08}.Release|x86.ActiveCfg = Release|Any CPU
		{21539378-9A42-4546-8327-FF4FF88E7D08}.Release|x86.Build.0 = Release|Any CPU
		{4BD6050A-11BB-40B0-9314-FEBD6E029DA6}.Debug|Any CPU.ActiveCfg = Debug|Any CPU
		{4BD6050A-11BB-40B0-9314-FEBD6E029DA6}.Debug|Any CPU.Build.0 = Debug|Any CPU
		{4BD6050A-11BB-40B0-9314-FEBD6E029DA6}.Debug|Mixed Platforms.ActiveCfg = Debug|Any CPU
		{4BD6050A-11BB-40B0-9314-FEBD6E029DA6}.Debug|Mixed Platforms.Build.0 = Debug|Any CPU
		{4BD6050A-11BB-40B0-9314-FEBD6E029DA6}.Debug|x86.ActiveCfg = Debug|Any CPU
		{4BD6050A-11BB-40B0-9314-FEBD6E029DA6}.Debug|x86.Build.0 = Debug|Any CPU
		{4BD6050A-11BB-40B0-9314-FEBD6E029DA6}.Release|Any CPU.ActiveCfg = Release|Any CPU
		{4BD6050A-11BB-40B0-9314-FEBD6E029DA6}.Release|Any CPU.Build.0 = Release|Any CPU
		{4BD6050A-11BB-40B0-9314-FEBD6E029DA6}.Release|Mixed Platforms.ActiveCfg = Release|Any CPU
		{4BD6050A-11BB-40B0-9314-FEBD6E029DA6}.Release|Mixed Platforms.Build.0 = Release|Any CPU
		{4BD6050A-11BB-40B0-9314-FEBD6E029DA6}.Release|x86.ActiveCfg = Release|Any CPU
		{4BD6050A-11BB-40B0-9314-FEBD6E029DA6}.Release|x86.Build.0 = Release|Any CPU
		{3BEBDE5E-1413-4FAD-8634-447A630185D9}.Debug|Any CPU.ActiveCfg = Debug|Any CPU
		{3BEBDE5E-1413-4FAD-8634-447A630185D9}.Debug|Any CPU.Build.0 = Debug|Any CPU
		{3BEBDE5E-1413-4FAD-8634-447A630185D9}.Debug|Mixed Platforms.ActiveCfg = Debug|Any CPU
		{3BEBDE5E-1413-4FAD-8634-447A630185D9}.Debug|Mixed Platforms.Build.0 = Debug|Any CPU
		{3BEBDE5E-1413-4FAD-8634-447A630185D9}.Debug|x86.ActiveCfg = Debug|Any CPU
		{3BEBDE5E-1413-4FAD-8634-447A630185D9}.Debug|x86.Build.0 = Debug|Any CPU
		{3BEBDE5E-1413-4FAD-8634-447A630185D9}.Release|Any CPU.ActiveCfg = Release|Any CPU
		{3BEBDE5E-1413-4FAD-8634-447A630185D9}.Release|Any CPU.Build.0 = Release|Any CPU
		{3BEBDE5E-1413-4FAD-8634-447A630185D9}.Release|Mixed Platforms.ActiveCfg = Release|Any CPU
		{3BEBDE5E-1413-4FAD-8634-447A630185D9}.Release|Mixed Platforms.Build.0 = Release|Any CPU
		{3BEBDE5E-1413-4FAD-8634-447A630185D9}.Release|x86.ActiveCfg = Release|Any CPU
		{3BEBDE5E-1413-4FAD-8634-447A630185D9}.Release|x86.Build.0 = Release|Any CPU
		{4A709B11-0A75-4DC5-98CC-19A2899705F8}.Debug|Any CPU.ActiveCfg = Debug|Any CPU
		{4A709B11-0A75-4DC5-98CC-19A2899705F8}.Debug|Any CPU.Build.0 = Debug|Any CPU
		{4A709B11-0A75-4DC5-98CC-19A2899705F8}.Debug|Mixed Platforms.ActiveCfg = Debug|Any CPU
		{4A709B11-0A75-4DC5-98CC-19A2899705F8}.Debug|Mixed Platforms.Build.0 = Debug|Any CPU
		{4A709B11-0A75-4DC5-98CC-19A2899705F8}.Debug|x86.ActiveCfg = Debug|Any CPU
		{4A709B11-0A75-4DC5-98CC-19A2899705F8}.Debug|x86.Build.0 = Debug|Any CPU
		{4A709B11-0A75-4DC5-98CC-19A2899705F8}.Release|Any CPU.ActiveCfg = Release|Any CPU
		{4A709B11-0A75-4DC5-98CC-19A2899705F8}.Release|Any CPU.Build.0 = Release|Any CPU
		{4A709B11-0A75-4DC5-98CC-19A2899705F8}.Release|Mixed Platforms.ActiveCfg = Release|Any CPU
		{4A709B11-0A75-4DC5-98CC-19A2899705F8}.Release|Mixed Platforms.Build.0 = Release|Any CPU
		{4A709B11-0A75-4DC5-98CC-19A2899705F8}.Release|x86.ActiveCfg = Release|Any CPU
		{4A709B11-0A75-4DC5-98CC-19A2899705F8}.Release|x86.Build.0 = Release|Any CPU
		{C8F3E9EE-C6E2-4269-9B76-F863F6030C51}.Debug|Any CPU.ActiveCfg = Debug|x86
		{C8F3E9EE-C6E2-4269-9B76-F863F6030C51}.Debug|Any CPU.Build.0 = Debug|x86
		{C8F3E9EE-C6E2-4269-9B76-F863F6030C51}.Debug|Mixed Platforms.ActiveCfg = Debug|x86
		{C8F3E9EE-C6E2-4269-9B76-F863F6030C51}.Debug|Mixed Platforms.Build.0 = Debug|x86
		{C8F3E9EE-C6E2-4269-9B76-F863F6030C51}.Debug|x86.ActiveCfg = Debug|x86
		{C8F3E9EE-C6E2-4269-9B76-F863F6030C51}.Debug|x86.Build.0 = Debug|x86
		{C8F3E9EE-C6E2-4269-9B76-F863F6030C51}.Release|Any CPU.ActiveCfg = Release|x86
		{C8F3E9EE-C6E2-4269-9B76-F863F6030C51}.Release|Any CPU.Build.0 = Release|x86
		{C8F3E9EE-C6E2-4269-9B76-F863F6030C51}.Release|Mixed Platforms.ActiveCfg = Release|x86
		{C8F3E9EE-C6E2-4269-9B76-F863F6030C51}.Release|Mixed Platforms.Build.0 = Release|x86
		{C8F3E9EE-C6E2-4269-9B76-F863F6030C51}.Release|x86.ActiveCfg = Release|x86
		{C8F3E9EE-C6E2-4269-9B76-F863F6030C51}.Release|x86.Build.0 = Release|x86
		{1ABB2603-58C0-45E8-899C-684BA07D634C}.Debug|Any CPU.ActiveCfg = Debug|Any CPU
		{1ABB2603-58C0-45E8-899C-684BA07D634C}.Debug|Any CPU.Build.0 = Debug|Any CPU
		{1ABB2603-58C0-45E8-899C-684BA07D634C}.Debug|Mixed Platforms.ActiveCfg = Debug|Any CPU
		{1ABB2603-58C0-45E8-899C-684BA07D634C}.Debug|Mixed Platforms.Build.0 = Debug|Any CPU
		{1ABB2603-58C0-45E8-899C-684BA07D634C}.Debug|x86.ActiveCfg = Debug|Any CPU
		{1ABB2603-58C0-45E8-899C-684BA07D634C}.Debug|x86.Build.0 = Debug|Any CPU
		{1ABB2603-58C0-45E8-899C-684BA07D634C}.Release|Any CPU.ActiveCfg = Release|Any CPU
		{1ABB2603-58C0-45E8-899C-684BA07D634C}.Release|Any CPU.Build.0 = Release|Any CPU
		{1ABB2603-58C0-45E8-899C-684BA07D634C}.Release|Mixed Platforms.ActiveCfg = Release|Any CPU
		{1ABB2603-58C0-45E8-899C-684BA07D634C}.Release|Mixed Platforms.Build.0 = Release|Any CPU
		{1ABB2603-58C0-45E8-899C-684BA07D634C}.Release|x86.ActiveCfg = Release|Any CPU
		{1ABB2603-58C0-45E8-899C-684BA07D634C}.Release|x86.Build.0 = Release|Any CPU
		{C866837D-A44B-48FF-A082-BDB694C01253}.Debug|Any CPU.ActiveCfg = Debug|Any CPU
		{C866837D-A44B-48FF-A082-BDB694C01253}.Debug|Any CPU.Build.0 = Debug|Any CPU
		{C866837D-A44B-48FF-A082-BDB694C01253}.Debug|Mixed Platforms.ActiveCfg = Debug|Any CPU
		{C866837D-A44B-48FF-A082-BDB694C01253}.Debug|Mixed Platforms.Build.0 = Debug|Any CPU
		{C866837D-A44B-48FF-A082-BDB694C01253}.Debug|x86.ActiveCfg = Debug|Any CPU
		{C866837D-A44B-48FF-A082-BDB694C01253}.Debug|x86.Build.0 = Debug|Any CPU
		{C866837D-A44B-48FF-A082-BDB694C01253}.Release|Any CPU.ActiveCfg = Release|Any CPU
		{C866837D-A44B-48FF-A082-BDB694C01253}.Release|Any CPU.Build.0 = Release|Any CPU
		{C866837D-A44B-48FF-A082-BDB694C01253}.Release|Mixed Platforms.ActiveCfg = Release|Any CPU
		{C866837D-A44B-48FF-A082-BDB694C01253}.Release|Mixed Platforms.Build.0 = Release|Any CPU
		{C866837D-A44B-48FF-A082-BDB694C01253}.Release|x86.ActiveCfg = Release|Any CPU
		{C866837D-A44B-48FF-A082-BDB694C01253}.Release|x86.Build.0 = Release|Any CPU
		{9A1C7CF9-7C26-4E91-894A-EAE906156FDE}.Debug|Any CPU.ActiveCfg = Debug|Any CPU
		{9A1C7CF9-7C26-4E91-894A-EAE906156FDE}.Debug|Any CPU.Build.0 = Debug|Any CPU
		{9A1C7CF9-7C26-4E91-894A-EAE906156FDE}.Debug|Mixed Platforms.ActiveCfg = Debug|Any CPU
		{9A1C7CF9-7C26-4E91-894A-EAE906156FDE}.Debug|Mixed Platforms.Build.0 = Debug|Any CPU
		{9A1C7CF9-7C26-4E91-894A-EAE906156FDE}.Debug|x86.ActiveCfg = Debug|Any CPU
		{9A1C7CF9-7C26-4E91-894A-EAE906156FDE}.Release|Any CPU.ActiveCfg = Release|Any CPU
		{9A1C7CF9-7C26-4E91-894A-EAE906156FDE}.Release|Any CPU.Build.0 = Release|Any CPU
		{9A1C7CF9-7C26-4E91-894A-EAE906156FDE}.Release|Mixed Platforms.ActiveCfg = Release|Any CPU
		{9A1C7CF9-7C26-4E91-894A-EAE906156FDE}.Release|Mixed Platforms.Build.0 = Release|Any CPU
		{9A1C7CF9-7C26-4E91-894A-EAE906156FDE}.Release|x86.ActiveCfg = Release|Any CPU
		{42ECF03B-100D-495A-98B1-4BC9747D13B4}.Debug|Any CPU.ActiveCfg = Debug|Any CPU
		{42ECF03B-100D-495A-98B1-4BC9747D13B4}.Debug|Any CPU.Build.0 = Debug|Any CPU
		{42ECF03B-100D-495A-98B1-4BC9747D13B4}.Debug|Mixed Platforms.ActiveCfg = Debug|Any CPU
		{42ECF03B-100D-495A-98B1-4BC9747D13B4}.Debug|Mixed Platforms.Build.0 = Debug|Any CPU
		{42ECF03B-100D-495A-98B1-4BC9747D13B4}.Debug|x86.ActiveCfg = Debug|Any CPU
		{42ECF03B-100D-495A-98B1-4BC9747D13B4}.Debug|x86.Build.0 = Debug|Any CPU
		{42ECF03B-100D-495A-98B1-4BC9747D13B4}.Release|Any CPU.ActiveCfg = Release|Any CPU
		{42ECF03B-100D-495A-98B1-4BC9747D13B4}.Release|Any CPU.Build.0 = Release|Any CPU
		{42ECF03B-100D-495A-98B1-4BC9747D13B4}.Release|Mixed Platforms.ActiveCfg = Release|Any CPU
		{42ECF03B-100D-495A-98B1-4BC9747D13B4}.Release|Mixed Platforms.Build.0 = Release|Any CPU
		{42ECF03B-100D-495A-98B1-4BC9747D13B4}.Release|x86.ActiveCfg = Release|Any CPU
		{A4E45D68-D704-40BA-BDBF-89D8B92A41A9}.Debug|Any CPU.ActiveCfg = Debug|Any CPU
		{A4E45D68-D704-40BA-BDBF-89D8B92A41A9}.Debug|Any CPU.Build.0 = Debug|Any CPU
		{A4E45D68-D704-40BA-BDBF-89D8B92A41A9}.Debug|Mixed Platforms.ActiveCfg = Debug|Any CPU
		{A4E45D68-D704-40BA-BDBF-89D8B92A41A9}.Debug|Mixed Platforms.Build.0 = Debug|Any CPU
		{A4E45D68-D704-40BA-BDBF-89D8B92A41A9}.Debug|x86.ActiveCfg = Debug|Any CPU
		{A4E45D68-D704-40BA-BDBF-89D8B92A41A9}.Debug|x86.Build.0 = Debug|Any CPU
		{A4E45D68-D704-40BA-BDBF-89D8B92A41A9}.Release|Any CPU.ActiveCfg = Release|Any CPU
		{A4E45D68-D704-40BA-BDBF-89D8B92A41A9}.Release|Any CPU.Build.0 = Release|Any CPU
		{A4E45D68-D704-40BA-BDBF-89D8B92A41A9}.Release|Mixed Platforms.ActiveCfg = Release|Any CPU
		{A4E45D68-D704-40BA-BDBF-89D8B92A41A9}.Release|Mixed Platforms.Build.0 = Release|Any CPU
		{A4E45D68-D704-40BA-BDBF-89D8B92A41A9}.Release|x86.ActiveCfg = Release|Any CPU
		{8DE7F8EE-8EA0-47B7-841D-BAE455D7E6EA}.Debug|Any CPU.ActiveCfg = Debug|Any CPU
		{8DE7F8EE-8EA0-47B7-841D-BAE455D7E6EA}.Debug|Any CPU.Build.0 = Debug|Any CPU
		{8DE7F8EE-8EA0-47B7-841D-BAE455D7E6EA}.Debug|Mixed Platforms.ActiveCfg = Debug|Any CPU
		{8DE7F8EE-8EA0-47B7-841D-BAE455D7E6EA}.Debug|Mixed Platforms.Build.0 = Debug|Any CPU
		{8DE7F8EE-8EA0-47B7-841D-BAE455D7E6EA}.Debug|x86.ActiveCfg = Debug|Any CPU
		{8DE7F8EE-8EA0-47B7-841D-BAE455D7E6EA}.Release|Any CPU.ActiveCfg = Release|Any CPU
		{8DE7F8EE-8EA0-47B7-841D-BAE455D7E6EA}.Release|Any CPU.Build.0 = Release|Any CPU
		{8DE7F8EE-8EA0-47B7-841D-BAE455D7E6EA}.Release|Mixed Platforms.ActiveCfg = Release|Any CPU
		{8DE7F8EE-8EA0-47B7-841D-BAE455D7E6EA}.Release|Mixed Platforms.Build.0 = Release|Any CPU
		{8DE7F8EE-8EA0-47B7-841D-BAE455D7E6EA}.Release|x86.ActiveCfg = Release|Any CPU
	EndGlobalSection
	GlobalSection(SolutionProperties) = preSolution
		HideSolutionNode = FALSE
	EndGlobalSection
EndGlobal
